
Microsoft Visual Studio Solution File, Format Version 12.00
# Visual Studio Version 16
VisualStudioVersion = 16.0.31205.134
MinimumVisualStudioVersion = 10.0.40219.1
Project("{FAE04EC0-301F-11D3-BF4B-00C04F79EFBC}") = "JadeThomas_Final", "JadeThomas_Final\JadeThomas_Final.csproj", "{E40708C9-9E7E-47CA-B953-CCA052DC09FC}"
EndProject
Global
	GlobalSection(SolutionConfigurationPlatforms) = preSolution
		Debug|Any CPU = Debug|Any CPU
		Debug|ARM = Debug|ARM
		Debug|ARM64 = Debug|ARM64
		Debug|x64 = Debug|x64
		Debug|x86 = Debug|x86
		Release|Any CPU = Release|Any CPU
		Release|ARM = Release|ARM
		Release|ARM64 = Release|ARM64
		Release|x64 = Release|x64
		Release|x86 = Release|x86
	EndGlobalSection
	GlobalSection(ProjectConfigurationPlatforms) = postSolution
		{E40708C9-9E7E-47CA-B953-CCA052DC09FC}.Debug|Any CPU.ActiveCfg = Debug|x86
		{E40708C9-9E7E-47CA-B953-CCA052DC09FC}.Debug|ARM.ActiveCfg = Debug|ARM
		{E40708C9-9E7E-47CA-B953-CCA052DC09FC}.Debug|ARM.Build.0 = Debug|ARM
		{E40708C9-9E7E-47CA-B953-CCA052DC09FC}.Debug|ARM.Deploy.0 = Debug|ARM
		{E40708C9-9E7E-47CA-B953-CCA052DC09FC}.Debug|ARM64.ActiveCfg = Debug|ARM64
		{E40708C9-9E7E-47CA-B953-CCA052DC09FC}.Debug|ARM64.Build.0 = Debug|ARM64
		{E40708C9-9E7E-47CA-B953-CCA052DC09FC}.Debug|ARM64.Deploy.0 = Debug|ARM64
		{E40708C9-9E7E-47CA-B953-CCA052DC09FC}.Debug|x64.ActiveCfg = Debug|x64
		{E40708C9-9E7E-47CA-B953-CCA052DC09FC}.Debug|x64.Build.0 = Debug|x64
		{E40708C9-9E7E-47CA-B953-CCA052DC09FC}.Debug|x64.Deploy.0 = Debug|x64
		{E40708C9-9E7E-47CA-B953-CCA052DC09FC}.Debug|x86.ActiveCfg = Debug|x86
		{E40708C9-9E7E-47CA-B953-CCA052DC09FC}.Debug|x86.Build.0 = Debug|x86
		{E40708C9-9E7E-47CA-B953-CCA052DC09FC}.Debug|x86.Deploy.0 = Debug|x86
		{E40708C9-9E7E-47CA-B953-CCA052DC09FC}.Release|Any CPU.ActiveCfg = Release|x86
		{E40708C9-9E7E-47CA-B953-CCA052DC09FC}.Release|ARM.ActiveCfg = Release|ARM
		{E40708C9-9E7E-47CA-B953-CCA052DC09FC}.Release|ARM.Build.0 = Release|ARM
		{E40708C9-9E7E-47CA-B953-CCA052DC09FC}.Release|ARM.Deploy.0 = Release|ARM
		{E40708C9-9E7E-47CA-B953-CCA052DC09FC}.Release|ARM64.ActiveCfg = Release|ARM64
		{E40708C9-9E7E-47CA-B953-CCA052DC09FC}.Release|ARM64.Build.0 = Release|ARM64
		{E40708C9-9E7E-47CA-B953-CCA052DC09FC}.Release|ARM64.Deploy.0 = Release|ARM64
		{E40708C9-9E7E-47CA-B953-CCA052DC09FC}.Release|x64.ActiveCfg = Release|x64
		{E40708C9-9E7E-47CA-B953-CCA052DC09FC}.Release|x64.Build.0 = Release|x64
		{E40708C9-9E7E-47CA-B953-CCA052DC09FC}.Release|x64.Deploy.0 = Release|x64
		{E40708C9-9E7E-47CA-B953-CCA052DC09FC}.Release|x86.ActiveCfg = Release|x86
		{E40708C9-9E7E-47CA-B953-CCA052DC09FC}.Release|x86.Build.0 = Release|x86
		{E40708C9-9E7E-47CA-B953-CCA052DC09FC}.Release|x86.Deploy.0 = Release|x86
	EndGlobalSection
	GlobalSection(SolutionProperties) = preSolution
		HideSolutionNode = FALSE
	EndGlobalSection
	GlobalSection(ExtensibilityGlobals) = postSolution
		SolutionGuid = {65105120-0D6B-427E-84CA-9A3D4B4538B7}
	EndGlobalSection
EndGlobal
